
Microsoft Visual Studio Solution File, Format Version 12.00
# Visual Studio Version 17
VisualStudioVersion = 17.5.002.0
MinimumVisualStudioVersion = 10.0.40219.1
Project("{9A19103F-16F7-4668-BE54-9A1E7A4F7556}") = "MohirDevVazifaBasicTanlash3", "MohirDevVazifaBasicTanlash3.csproj", "{21886F38-4594-4117-BD83-A805F32B9675}"
EndProject
Global
	GlobalSection(SolutionConfigurationPlatforms) = preSolution
		Debug|Any CPU = Debug|Any CPU
		Release|Any CPU = Release|Any CPU
	EndGlobalSection
	GlobalSection(ProjectConfigurationPlatforms) = postSolution
		{21886F38-4594-4117-BD83-A805F32B9675}.Debug|Any CPU.ActiveCfg = Debug|Any CPU
		{21886F38-4594-4117-BD83-A805F32B9675}.Debug|Any CPU.Build.0 = Debug|Any CPU
		{21886F38-4594-4117-BD83-A805F32B9675}.Release|Any CPU.ActiveCfg = Release|Any CPU
		{21886F38-4594-4117-BD83-A805F32B9675}.Release|Any CPU.Build.0 = Release|Any CPU
	EndGlobalSection
	GlobalSection(SolutionProperties) = preSolution
		HideSolutionNode = FALSE
	EndGlobalSection
	GlobalSection(ExtensibilityGlobals) = postSolution
		SolutionGuid = {0F0689EF-E4CA-4C54-802A-A38A7CB5F487}
	EndGlobalSection
EndGlobal
